
Microsoft Visual Studio Solution File, Format Version 12.00
# Visual Studio Version 16
VisualStudioVersion = 16.0.31424.327
MinimumVisualStudioVersion = 10.0.40219.1
Project("{FAE04EC0-301F-11D3-BF4B-00C04F79EFBC}") = "HelloWorld", "HelloWorld\HelloWorld.csproj", "{B6688951-6E79-4114-9B68-3276297D96B4}"
EndProject
Global
	GlobalSection(SolutionConfigurationPlatforms) = preSolution
		Debug|Any CPU = Debug|Any CPU
		Release|Any CPU = Release|Any CPU
	EndGlobalSection
	GlobalSection(ProjectConfigurationPlatforms) = postSolution
		{B6688951-6E79-4114-9B68-3276297D96B4}.Debug|Any CPU.ActiveCfg = Debug|Any CPU
		{B6688951-6E79-4114-9B68-3276297D96B4}.Debug|Any CPU.Build.0 = Debug|Any CPU
		{B6688951-6E79-4114-9B68-3276297D96B4}.Release|Any CPU.ActiveCfg = Release|Any CPU
		{B6688951-6E79-4114-9B68-3276297D96B4}.Release|Any CPU.Build.0 = Release|Any CPU
	EndGlobalSection
	GlobalSection(SolutionProperties) = preSolution
		HideSolutionNode = FALSE
	EndGlobalSection
	GlobalSection(ExtensibilityGlobals) = postSolution
		SolutionGuid = {34339358-82DF-4128-9423-E5369AB3002B}
	EndGlobalSection
EndGlobal
